// !$*UTF8*$!
{
	archiveVersion = 1;
	classes = {
	};
	objectVersion = 77;
	objects = {

/* Begin PBXBuildFile section */
		479B2DCDD1C7CBAEF2FD47F1 /* RunnerTests.swift in Sources */ = {isa = PBXBuildFile; fileRef = 4F98182ED556614357E76068 /* RunnerTests.swift */; };
		54A71CDE298FDB7134F67114 /* App.swift in Sources */ = {isa = PBXBuildFile; fileRef = 48270CC58DEE74C2539CB664 /* App.swift */; };
		56143367BBC65BE3DB05EF4F /* Typist.swift in Sources */ = {isa = PBXBuildFile; fileRef = 89D21D99038E8F974C31C0B9 /* Typist.swift */; };
/* End PBXBuildFile section */

/* Begin PBXContainerItemProxy section */
		82D3AEE277513A151FB335B3 /* PBXContainerItemProxy */ = {
			isa = PBXContainerItemProxy;
			containerPortal = 6706FE61C74970CA649384D1 /* Project object */;
			proxyType = 1;
			remoteGlobalIDString = 567B2F3A47D018EDA30064E2;
			remoteInfo = AORunnerHost;
		};
/* End PBXContainerItemProxy section */

/* Begin PBXFileReference section */
		48270CC58DEE74C2539CB664 /* App.swift */ = {isa = PBXFileReference; lastKnownFileType = sourcecode.swift; path = App.swift; sourceTree = "<group>"; };
		4E2CA8A23E64EC251C2AB1D3 /* AORunnerHost.app */ = {isa = PBXFileReference; includeInIndex = 0; lastKnownFileType = wrapper.application; path = AORunnerHost.app; sourceTree = BUILT_PRODUCTS_DIR; };
		4F98182ED556614357E76068 /* RunnerTests.swift */ = {isa = PBXFileReference; lastKnownFileType = sourcecode.swift; path = RunnerTests.swift; sourceTree = "<group>"; };
		89D21D99038E8F974C31C0B9 /* Typist.swift */ = {isa = PBXFileReference; lastKnownFileType = sourcecode.swift; path = Typist.swift; sourceTree = "<group>"; };
		C616916E72C69ED552FD0537 /* AORunnerUITests.xctest */ = {isa = PBXFileReference; includeInIndex = 0; lastKnownFileType = wrapper.cfbundle; path = AORunnerUITests.xctest; sourceTree = BUILT_PRODUCTS_DIR; };
/* End PBXFileReference section */

/* Begin PBXGroup section */
		4ADD56FBCA82B038ED4D75E4 = {
			isa = PBXGroup;
			children = (
				D9025D8257EE1B3E10AB20C3 /* Host */,
				59FA15F6F4315D1F88636C46 /* UITests */,
				78575D69A720B8C0D0586077 /* Products */,
			);
			sourceTree = "<group>";
		};
		59FA15F6F4315D1F88636C46 /* UITests */ = {
			isa = PBXGroup;
			children = (
				4F98182ED556614357E76068 /* RunnerTests.swift */,
				89D21D99038E8F974C31C0B9 /* Typist.swift */,
			);
			path = UITests;
			sourceTree = "<group>";
		};
		78575D69A720B8C0D0586077 /* Products */ = {
			isa = PBXGroup;
			children = (
				4E2CA8A23E64EC251C2AB1D3 /* AORunnerHost.app */,
				C616916E72C69ED552FD0537 /* AORunnerUITests.xctest */,
			);
			name = Products;
			sourceTree = "<group>";
		};
		D9025D8257EE1B3E10AB20C3 /* Host */ = {
			isa = PBXGroup;
			children = (
				48270CC58DEE74C2539CB664 /* App.swift */,
			);
			path = Host;
			sourceTree = "<group>";
		};
/* End PBXGroup section */

/* Begin PBXNativeTarget section */
		567B2F3A47D018EDA30064E2 /* AORunnerHost */ = {
			isa = PBXNativeTarget;
			buildConfigurationList = C4E55E6D1612DADD9B809750 /* Build configuration list for PBXNativeTarget "AORunnerHost" */;
			buildPhases = (
				478D27645A945D332E3520EA /* Sources */,
			);
			buildRules = (
			);
			dependencies = (
			);
			name = AORunnerHost;
			packageProductDependencies = (
			);
			productName = AORunnerHost;
			productReference = 4E2CA8A23E64EC251C2AB1D3 /* AORunnerHost.app */;
			productType = "com.apple.product-type.application";
		};
		91E5B1B3CB0F9B590448061D /* AORunnerUITests */ = {
			isa = PBXNativeTarget;
			buildConfigurationList = 533C5E11DA323645A661D1EA /* Build configuration list for PBXNativeTarget "AORunnerUITests" */;
			buildPhases = (
				1A28F513BBDFBFE1AF8AA6A1 /* Sources */,
			);
			buildRules = (
			);
			dependencies = (
				2B032F78BA86CB0EEF23FF24 /* PBXTargetDependency */,
			);
			name = AORunnerUITests;
			packageProductDependencies = (
			);
			productName = AORunnerUITests;
			productReference = C616916E72C69ED552FD0537 /* AORunnerUITests.xctest */;
			productType = "com.apple.product-type.bundle.ui-testing";
		};
/* End PBXNativeTarget section */

/* Begin PBXProject section */
		6706FE61C74970CA649384D1 /* Project object */ = {
			isa = PBXProject;
			attributes = {
				BuildIndependentTargetsInParallel = YES;
				LastUpgradeCheck = 1430;
				TargetAttributes = {
					567B2F3A47D018EDA30064E2 = {
						DevelopmentTeam = "";
						ProvisioningStyle = Manual;
					};
					91E5B1B3CB0F9B590448061D = {
						DevelopmentTeam = "";
						ProvisioningStyle = Manual;
						TestTargetID = 567B2F3A47D018EDA30064E2;
					};
				};
			};
			buildConfigurationList = 2CEAE5AF04A66C325BBC113D /* Build configuration list for PBXProject "AORunner" */;
			developmentRegion = en;
			hasScannedForEncodings = 0;
			knownRegions = (
				Base,
				en,
			);
			mainGroup = 4ADD56FBCA82B038ED4D75E4;
			minimizedProjectReferenceProxies = 1;
			preferredProjectObjectVersion = 77;
			productRefGroup = 78575D69A720B8C0D0586077 /* Products */;
			projectDirPath = "";
			projectRoot = "";
			targets = (
				567B2F3A47D018EDA30064E2 /* AORunnerHost */,
				91E5B1B3CB0F9B590448061D /* AORunnerUITests */,
			);
		};
/* End PBXProject section */

/* Begin PBXSourcesBuildPhase section */
		1A28F513BBDFBFE1AF8AA6A1 /* Sources */ = {
			isa = PBXSourcesBuildPhase;
			buildActionMask = 2147483647;
			files = (
				479B2DCDD1C7CBAEF2FD47F1 /* RunnerTests.swift in Sources */,
				56143367BBC65BE3DB05EF4F /* Typist.swift in Sources */,
			);
			runOnlyForDeploymentPostprocessing = 0;
		};
		478D27645A945D332E3520EA /* Sources */ = {
			isa = PBXSourcesBuildPhase;
			buildActionMask = 2147483647;
			files = (
				54A71CDE298FDB7134F67114 /* App.swift in Sources */,
			);
			runOnlyForDeploymentPostprocessing = 0;
		};
/* End PBXSourcesBuildPhase section */

/* Begin PBXTargetDependency section */
		2B032F78BA86CB0EEF23FF24 /* PBXTargetDependency */ = {
			isa = PBXTargetDependency;
			target = 567B2F3A47D018EDA30064E2 /* AORunnerHost */;
			targetProxy = 82D3AEE277513A151FB335B3 /* PBXContainerItemProxy */;
		};
/* End PBXTargetDependency section */

/* Begin XCBuildConfiguration section */
		4F5600CD62A789BA4585EC00 /* Release */ = {
			isa = XCBuildConfiguration;
			buildSettings = {
				ALWAYS_SEARCH_USER_PATHS = NO;
				CLANG_ANALYZER_NONNULL = YES;
				CLANG_ANALYZER_NUMBER_OBJECT_CONVERSION = YES_AGGRESSIVE;
				CLANG_CXX_LANGUAGE_STANDARD = "gnu++14";
				CLANG_CXX_LIBRARY = "libc++";
				CLANG_ENABLE_MODULES = YES;
				CLANG_ENABLE_OBJC_ARC = YES;
				CLANG_ENABLE_OBJC_WEAK = YES;
				CLANG_WARN_BLOCK_CAPTURE_AUTORELEASING = YES;
				CLANG_WARN_BOOL_CONVERSION = YES;
				CLANG_WARN_COMMA = YES;
				CLANG_WARN_CONSTANT_CONVERSION = YES;
				CLANG_WARN_DEPRECATED_OBJC_IMPLEMENTATIONS = YES;
				CLANG_WARN_DIRECT_OBJC_ISA_USAGE = YES_ERROR;
				CLANG_WARN_DOCUMENTATION_COMMENTS = YES;
				CLANG_WARN_EMPTY_BODY = YES;
				CLANG_WARN_ENUM_CONVERSION = YES;
				CLANG_WARN_INFINITE_RECURSION = YES;
				CLANG_WARN_INT_CONVERSION = YES;
				CLANG_WARN_NON_LITERAL_NULL_CONVERSION = YES;
				CLANG_WARN_OBJC_IMPLICIT_RETAIN_SELF = YES;
				CLANG_WARN_OBJC_LITERAL_CONVERSION = YES;
				CLANG_WARN_OBJC_ROOT_CLASS = YES_ERROR;
				CLANG_WARN_QUOTED_INCLUDE_IN_FRAMEWORK_HEADER = YES;
				CLANG_WARN_RANGE_LOOP_ANALYSIS = YES;
				CLANG_WARN_STRICT_PROTOTYPES = YES;
				CLANG_WARN_SUSPICIOUS_MOVE = YES;
				CLANG_WARN_UNGUARDED_AVAILABILITY = YES_AGGRESSIVE;
				CLANG_WARN_UNREACHABLE_CODE = YES;
				CLANG_WARN__DUPLICATE_METHOD_MATCH = YES;
				CODE_SIGN_IDENTITY = "-";
				CODE_SIGN_STYLE = Manual;
				COPY_PHASE_STRIP = NO;
				DEBUG_INFORMATION_FORMAT = "dwarf-with-dsym";
				DEVELOPMENT_TEAM = "";
				ENABLE_NS_ASSERTIONS = NO;
				ENABLE_STRICT_OBJC_MSGSEND = YES;
				ENABLE_USER_SCRIPT_SANDBOXING = YES;
				GCC_C_LANGUAGE_STANDARD = gnu11;
				GCC_NO_COMMON_BLOCKS = YES;
				GCC_WARN_64_TO_32_BIT_CONVERSION = YES;
				GCC_WARN_ABOUT_RETURN_TYPE = YES_ERROR;
				GCC_WARN_UNDECLARED_SELECTOR = YES;
				GCC_WARN_UNINITIALIZED_AUTOS = YES_AGGRESSIVE;
				GCC_WARN_UNUSED_FUNCTION = YES;
				GCC_WARN_UNUSED_VARIABLE = YES;
				GENERATE_INFOPLIST_FILE = YES;
				IPHONEOS_DEPLOYMENT_TARGET = 16.0;
				MTL_ENABLE_DEBUG_INFO = NO;
				MTL_FAST_MATH = YES;
				PRODUCT_NAME = "$(TARGET_NAME)";
				SDKROOT = iphoneos;
				SWIFT_COMPILATION_MODE = wholemodule;
				SWIFT_OPTIMIZATION_LEVEL = "-O";
				SWIFT_VERSION = 5.0;
			};
			name = Release;
		};
		7AB54577028728A5E4517386 /* Release */ = {
			isa = XCBuildConfiguration;
			buildSettings = {
				ASSETCATALOG_COMPILER_APPICON_NAME = AppIcon;
				CODE_SIGN_IDENTITY = "iPhone Developer";
				INFOPLIST_KEY_CFBundleDisplayName = "AO Runner";
				INFOPLIST_KEY_UILaunchScreen_Generation = YES;
				LD_RUNPATH_SEARCH_PATHS = (
					"$(inherited)",
					"@executable_path/Frameworks",
				);
				PRODUCT_BUNDLE_IDENTIFIER = dev.aoagents.simrunner.host;
				SDKROOT = iphoneos;
				TARGETED_DEVICE_FAMILY = "1,2";
			};
			name = Release;
		};
		A5A88455960830AED2C8F988 /* Debug */ = {
			isa = XCBuildConfiguration;
			buildSettings = {
				ALWAYS_SEARCH_USER_PATHS = NO;
				CLANG_ANALYZER_NONNULL = YES;
				CLANG_ANALYZER_NUMBER_OBJECT_CONVERSION = YES_AGGRESSIVE;
				CLANG_CXX_LANGUAGE_STANDARD = "gnu++14";
				CLANG_CXX_LIBRARY = "libc++";
				CLANG_ENABLE_MODULES = YES;
				CLANG_ENABLE_OBJC_ARC = YES;
				CLANG_ENABLE_OBJC_WEAK = YES;
				CLANG_WARN_BLOCK_CAPTURE_AUTORELEASING = YES;
				CLANG_WARN_BOOL_CONVERSION = YES;
				CLANG_WARN_COMMA = YES;
				CLANG_WARN_CONSTANT_CONVERSION = YES;
				CLANG_WARN_DEPRECATED_OBJC_IMPLEMENTATIONS = YES;
				CLANG_WARN_DIRECT_OBJC_ISA_USAGE = YES_ERROR;
				CLANG_WARN_DOCUMENTATION_COMMENTS = YES;
				CLANG_WARN_EMPTY_BODY = YES;
				CLANG_WARN_ENUM_CONVERSION = YES;
				CLANG_WARN_INFINITE_RECURSION = YES;
				CLANG_WARN_INT_CONVERSION = YES;
				CLANG_WARN_NON_LITERAL_NULL_CONVERSION = YES;
				CLANG_WARN_OBJC_IMPLICIT_RETAIN_SELF = YES;
				CLANG_WARN_OBJC_LITERAL_CONVERSION = YES;
				CLANG_WARN_OBJC_ROOT_CLASS = YES_ERROR;
				CLANG_WARN_QUOTED_INCLUDE_IN_FRAMEWORK_HEADER = YES;
				CLANG_WARN_RANGE_LOOP_ANALYSIS = YES;
				CLANG_WARN_STRICT_PROTOTYPES = YES;
				CLANG_WARN_SUSPICIOUS_MOVE = YES;
				CLANG_WARN_UNGUARDED_AVAILABILITY = YES_AGGRESSIVE;
				CLANG_WARN_UNREACHABLE_CODE = YES;
				CLANG_WARN__DUPLICATE_METHOD_MATCH = YES;
				CODE_SIGN_IDENTITY = "-";
				CODE_SIGN_STYLE = Manual;
				COPY_PHASE_STRIP = NO;
				DEBUG_INFORMATION_FORMAT = dwarf;
				DEVELOPMENT_TEAM = "";
				ENABLE_STRICT_OBJC_MSGSEND = YES;
				ENABLE_TESTABILITY = YES;
				ENABLE_USER_SCRIPT_SANDBOXING = YES;
				GCC_C_LANGUAGE_STANDARD = gnu11;
				GCC_DYNAMIC_NO_PIC = NO;
				GCC_NO_COMMON_BLOCKS = YES;
				GCC_OPTIMIZATION_LEVEL = 0;
				GCC_PREPROCESSOR_DEFINITIONS = (
					"$(inherited)",
					"DEBUG=1",
				);
				GCC_WARN_64_TO_32_BIT_CONVERSION = YES;
				GCC_WARN_ABOUT_RETURN_TYPE = YES_ERROR;
				GCC_WARN_UNDECLARED_SELECTOR = YES;
				GCC_WARN_UNINITIALIZED_AUTOS = YES_AGGRESSIVE;
				GCC_WARN_UNUSED_FUNCTION = YES;
				GCC_WARN_UNUSED_VARIABLE = YES;
				GENERATE_INFOPLIST_FILE = YES;
				IPHONEOS_DEPLOYMENT_TARGET = 16.0;
				MTL_ENABLE_DEBUG_INFO = INCLUDE_SOURCE;
				MTL_FAST_MATH = YES;
				ONLY_ACTIVE_ARCH = YES;
				PRODUCT_NAME = "$(TARGET_NAME)";
				SDKROOT = iphoneos;
				SWIFT_ACTIVE_COMPILATION_CONDITIONS = DEBUG;
				SWIFT_OPTIMIZATION_LEVEL = "-Onone";
				SWIFT_VERSION = 5.0;
			};
			name = Debug;
		};
		B412962FC5B1622C6DB9CEBF /* Debug */ = {
			isa = XCBuildConfiguration;
			buildSettings = {
				ASSETCATALOG_COMPILER_APPICON_NAME = AppIcon;
				CODE_SIGN_IDENTITY = "iPhone Developer";
				INFOPLIST_KEY_CFBundleDisplayName = "AO Runner";
				INFOPLIST_KEY_UILaunchScreen_Generation = YES;
				LD_RUNPATH_SEARCH_PATHS = (
					"$(inherited)",
					"@executable_path/Frameworks",
				);
				PRODUCT_BUNDLE_IDENTIFIER = dev.aoagents.simrunner.host;
				SDKROOT = iphoneos;
				TARGETED_DEVICE_FAMILY = "1,2";
			};
			name = Debug;
		};
		BFB4718A45D2213EC04F8688 /* Release */ = {
			isa = XCBuildConfiguration;
			buildSettings = {
				BUNDLE_LOADER = "$(TEST_HOST)";
				LD_RUNPATH_SEARCH_PATHS = (
					"$(inherited)",
					"@executable_path/Frameworks",
					"@loader_path/Frameworks",
				);
				PRODUCT_BUNDLE_IDENTIFIER = dev.aoagents.simrunner.uitests;
				SDKROOT = iphoneos;
				TARGETED_DEVICE_FAMILY = "1,2";
				TEST_TARGET_NAME = AORunnerHost;
			};
			name = Release;
		};
		DD6A8CC7A26805B14DB1AFA6 /* Debug */ = {
			isa = XCBuildConfiguration;
			buildSettings = {
				BUNDLE_LOADER = "$(TEST_HOST)";
				LD_RUNPATH_SEARCH_PATHS = (
					"$(inherited)",
					"@executable_path/Frameworks",
					"@loader_path/Frameworks",
				);
				PRODUCT_BUNDLE_IDENTIFIER = dev.aoagents.simrunner.uitests;
				SDKROOT = iphoneos;
				TARGETED_DEVICE_FAMILY = "1,2";
				TEST_TARGET_NAME = AORunnerHost;
			};
			name = Debug;
		};
/* End XCBuildConfiguration section */

/* Begin XCConfigurationList section */
		2CEAE5AF04A66C325BBC113D /* Build configuration list for PBXProject "AORunner" */ = {
			isa = XCConfigurationList;
			buildConfigurations = (
				A5A88455960830AED2C8F988 /* Debug */,
				4F5600CD62A789BA4585EC00 /* Release */,
			);
			defaultConfigurationIsVisible = 0;
			defaultConfigurationName = Debug;
		};
		533C5E11DA323645A661D1EA /* Build configuration list for PBXNativeTarget "AORunnerUITests" */ = {
			isa = XCConfigurationList;
			buildConfigurations = (
				DD6A8CC7A26805B14DB1AFA6 /* Debug */,
				BFB4718A45D2213EC04F8688 /* Release */,
			);
			defaultConfigurationIsVisible = 0;
			defaultConfigurationName = Debug;
		};
		C4E55E6D1612DADD9B809750 /* Build configuration list for PBXNativeTarget "AORunnerHost" */ = {
			isa = XCConfigurationList;
			buildConfigurations = (
				B412962FC5B1622C6DB9CEBF /* Debug */,
				7AB54577028728A5E4517386 /* Release */,
			);
			defaultConfigurationIsVisible = 0;
			defaultConfigurationName = Debug;
		};
/* End XCConfigurationList section */
	};
	rootObject = 6706FE61C74970CA649384D1 /* Project object */;
}
